
Microsoft Visual Studio Solution File, Format Version 12.00
# Visual Studio 15
VisualStudioVersion = 15.0.28307.438
MinimumVisualStudioVersion = 10.0.40219.1
Project("{FAE04EC0-301F-11D3-BF4B-00C04F79EFBC}") = "LearnMSSQL", "LearnMSSQL\LearnMSSQL.csproj", "{761AD5EC-54D1-4075-928B-5A8B066FAE5C}"
EndProject
Global
	GlobalSection(SolutionConfigurationPlatforms) = preSolution
		Debug|Any CPU = Debug|Any CPU
		Release|Any CPU = Release|Any CPU
	EndGlobalSection
	GlobalSection(ProjectConfigurationPlatforms) = postSolution
		{761AD5EC-54D1-4075-928B-5A8B066FAE5C}.Debug|Any CPU.ActiveCfg = Debug|Any CPU
		{761AD5EC-54D1-4075-928B-5A8B066FAE5C}.Debug|Any CPU.Build.0 = Debug|Any CPU
		{761AD5EC-54D1-4075-928B-5A8B066FAE5C}.Release|Any CPU.ActiveCfg = Release|Any CPU
		{761AD5EC-54D1-4075-928B-5A8B066FAE5C}.Release|Any CPU.Build.0 = Release|Any CPU
	EndGlobalSection
	GlobalSection(SolutionProperties) = preSolution
		HideSolutionNode = FALSE
	EndGlobalSection
	GlobalSection(ExtensibilityGlobals) = postSolution
		SolutionGuid = {81A6D432-3A98-4F29-AD33-097BB1E77EDD}
	EndGlobalSection
EndGlobal
